
Microsoft Visual Studio Solution File, Format Version 12.00
# Visual Studio 15
VisualStudioVersion = 15.0.26730.16
MinimumVisualStudioVersion = 10.0.40219.1
Project("{FAE04EC0-301F-11D3-BF4B-00C04F79EFBC}") = "LibOcr", "OCR\LibOcr.csproj", "{580563C0-6862-46E9-B3E6-A5DADDD7B69A}"
EndProject
Global
	GlobalSection(SolutionConfigurationPlatforms) = preSolution
		Debug|Any CPU = Debug|Any CPU
		Release|Any CPU = Release|Any CPU
	EndGlobalSection
	GlobalSection(ProjectConfigurationPlatforms) = postSolution
		{580563C0-6862-46E9-B3E6-A5DADDD7B69A}.Debug|Any CPU.ActiveCfg = Debug|Any CPU
		{580563C0-6862-46E9-B3E6-A5DADDD7B69A}.Debug|Any CPU.Build.0 = Debug|Any CPU
		{580563C0-6862-46E9-B3E6-A5DADDD7B69A}.Release|Any CPU.ActiveCfg = Release|Any CPU
		{580563C0-6862-46E9-B3E6-A5DADDD7B69A}.Release|Any CPU.Build.0 = Release|Any CPU
	EndGlobalSection
	GlobalSection(SolutionProperties) = preSolution
		HideSolutionNode = FALSE
	EndGlobalSection
	GlobalSection(ExtensibilityGlobals) = postSolution
		SolutionGuid = {9DD1F52E-BEFD-4838-AA3C-39317FC135FF}
	EndGlobalSection
EndGlobal
