
Microsoft Visual Studio Solution File, Format Version 12.00
# Visual Studio 2012
Project("{FAE04EC0-301F-11D3-BF4B-00C04F79EFBC}") = "TestPlanDriver", "TestPlanDriver\TestPlanDriver.csproj", "{E2365577-551A-40CA-A2CE-FA9253B55189}"
EndProject
Project("{FAE04EC0-301F-11D3-BF4B-00C04F79EFBC}") = "Avago.WSD.ClothoCommonLib.Algos.FBar.YuHan", "Avago.WSD.ClothoCommonLib.Algos.FBar.YuHan\Avago.WSD.ClothoCommonLib.Algos.FBar.YuHan.csproj", "{7E736775-B7D5-4E00-BB3F-5BF6622664A7}"
EndProject
Project("{FAE04EC0-301F-11D3-BF4B-00C04F79EFBC}") = "clsfrmInputUI", "clsfrmInputUI\clsfrmInputUI.csproj", "{0AF10ACE-64D3-4A87-9C50-662BAEBAEE49}"
EndProject
Project("{FAE04EC0-301F-11D3-BF4B-00C04F79EFBC}") = "LibEqmtDriver", "LibEqmtDriver\LibEqmtDriver.csproj", "{9C58F571-2273-496A-8A86-52F062211206}"
EndProject
Project("{FAE04EC0-301F-11D3-BF4B-00C04F79EFBC}") = "MyProduct", "MyProduct\MyProduct.csproj", "{B01071D7-31E5-4F8E-B065-3612F83BC4F0}"
EndProject
Project("{FAE04EC0-301F-11D3-BF4B-00C04F79EFBC}") = "LibMath", "LibMath\LibMath.csproj", "{742693FD-91DC-44FF-92D5-2B037899A76F}"
EndProject
Project("{FAE04EC0-301F-11D3-BF4B-00C04F79EFBC}") = "SparamTestLib", "LibSparamTestCase\SparamTestLib.csproj", "{CA092584-5921-4256-A591-131BC55FC20A}"
EndProject
Project("{FAE04EC0-301F-11D3-BF4B-00C04F79EFBC}") = "AvagoGU", "AvagoGuCalVrfy\AvagoGU.csproj", "{2D831CBC-E343-46D5-9E84-0997AD932D0F}"
EndProject
Project("{FAE04EC0-301F-11D3-BF4B-00C04F79EFBC}") = "LibOcr", "LibOcr\OCR\LibOcr.csproj", "{580563C0-6862-46E9-B3E6-A5DADDD7B69A}"
EndProject
Global
	GlobalSection(SolutionConfigurationPlatforms) = preSolution
		Debug|Any CPU = Debug|Any CPU
		Debug|x64 = Debug|x64
		Debug|x86 = Debug|x86
		Encrypt|Any CPU = Encrypt|Any CPU
		Encrypt|x64 = Encrypt|x64
		Encrypt|x86 = Encrypt|x86
		Release|Any CPU = Release|Any CPU
		Release|x64 = Release|x64
		Release|x86 = Release|x86
	EndGlobalSection
	GlobalSection(ProjectConfigurationPlatforms) = postSolution
		{E2365577-551A-40CA-A2CE-FA9253B55189}.Debug|Any CPU.ActiveCfg = Debug|Any CPU
		{E2365577-551A-40CA-A2CE-FA9253B55189}.Debug|Any CPU.Build.0 = Debug|Any CPU
		{E2365577-551A-40CA-A2CE-FA9253B55189}.Debug|x64.ActiveCfg = Debug|x64
		{E2365577-551A-40CA-A2CE-FA9253B55189}.Debug|x64.Build.0 = Debug|x64
		{E2365577-551A-40CA-A2CE-FA9253B55189}.Debug|x86.ActiveCfg = Debug|x86
		{E2365577-551A-40CA-A2CE-FA9253B55189}.Debug|x86.Build.0 = Debug|x86
		{E2365577-551A-40CA-A2CE-FA9253B55189}.Encrypt|Any CPU.ActiveCfg = Release|Any CPU
		{E2365577-551A-40CA-A2CE-FA9253B55189}.Encrypt|Any CPU.Build.0 = Release|Any CPU
		{E2365577-551A-40CA-A2CE-FA9253B55189}.Encrypt|x64.ActiveCfg = Release|x64
		{E2365577-551A-40CA-A2CE-FA9253B55189}.Encrypt|x64.Build.0 = Release|x64
		{E2365577-551A-40CA-A2CE-FA9253B55189}.Encrypt|x86.ActiveCfg = Release|x86
		{E2365577-551A-40CA-A2CE-FA9253B55189}.Encrypt|x86.Build.0 = Release|x86
		{E2365577-551A-40CA-A2CE-FA9253B55189}.Release|Any CPU.ActiveCfg = Release|Any CPU
		{E2365577-551A-40CA-A2CE-FA9253B55189}.Release|Any CPU.Build.0 = Release|Any CPU
		{E2365577-551A-40CA-A2CE-FA9253B55189}.Release|x64.ActiveCfg = Release|x64
		{E2365577-551A-40CA-A2CE-FA9253B55189}.Release|x64.Build.0 = Release|x64
		{E2365577-551A-40CA-A2CE-FA9253B55189}.Release|x86.ActiveCfg = Release|x86
		{E2365577-551A-40CA-A2CE-FA9253B55189}.Release|x86.Build.0 = Release|x86
		{7E736775-B7D5-4E00-BB3F-5BF6622664A7}.Debug|Any CPU.ActiveCfg = Debug|Any CPU
		{7E736775-B7D5-4E00-BB3F-5BF6622664A7}.Debug|Any CPU.Build.0 = Debug|Any CPU
		{7E736775-B7D5-4E00-BB3F-5BF6622664A7}.Debug|x64.ActiveCfg = Debug|x64
		{7E736775-B7D5-4E00-BB3F-5BF6622664A7}.Debug|x64.Build.0 = Debug|x64
		{7E736775-B7D5-4E00-BB3F-5BF6622664A7}.Debug|x86.ActiveCfg = Debug|x86
		{7E736775-B7D5-4E00-BB3F-5BF6622664A7}.Debug|x86.Build.0 = Debug|x86
		{7E736775-B7D5-4E00-BB3F-5BF6622664A7}.Encrypt|Any CPU.ActiveCfg = Release|Any CPU
		{7E736775-B7D5-4E00-BB3F-5BF6622664A7}.Encrypt|Any CPU.Build.0 = Release|Any CPU
		{7E736775-B7D5-4E00-BB3F-5BF6622664A7}.Encrypt|x64.ActiveCfg = Release|x64
		{7E736775-B7D5-4E00-BB3F-5BF6622664A7}.Encrypt|x64.Build.0 = Release|x64
		{7E736775-B7D5-4E00-BB3F-5BF6622664A7}.Encrypt|x86.ActiveCfg = Release|x86
		{7E736775-B7D5-4E00-BB3F-5BF6622664A7}.Encrypt|x86.Build.0 = Release|x86
		{7E736775-B7D5-4E00-BB3F-5BF6622664A7}.Release|Any CPU.ActiveCfg = Release|Any CPU
		{7E736775-B7D5-4E00-BB3F-5BF6622664A7}.Release|Any CPU.Build.0 = Release|Any CPU
		{7E736775-B7D5-4E00-BB3F-5BF6622664A7}.Release|x64.ActiveCfg = Release|x64
		{7E736775-B7D5-4E00-BB3F-5BF6622664A7}.Release|x64.Build.0 = Release|x64
		{7E736775-B7D5-4E00-BB3F-5BF6622664A7}.Release|x86.ActiveCfg = Release|x86
		{7E736775-B7D5-4E00-BB3F-5BF6622664A7}.Release|x86.Build.0 = Release|x86
		{0AF10ACE-64D3-4A87-9C50-662BAEBAEE49}.Debug|Any CPU.ActiveCfg = Debug|Any CPU
		{0AF10ACE-64D3-4A87-9C50-662BAEBAEE49}.Debug|Any CPU.Build.0 = Debug|Any CPU
		{0AF10ACE-64D3-4A87-9C50-662BAEBAEE49}.Debug|x64.ActiveCfg = Debug|Any CPU
		{0AF10ACE-64D3-4A87-9C50-662BAEBAEE49}.Debug|x86.ActiveCfg = Debug|Any CPU
		{0AF10ACE-64D3-4A87-9C50-662BAEBAEE49}.Encrypt|Any CPU.ActiveCfg = Release|Any CPU
		{0AF10ACE-64D3-4A87-9C50-662BAEBAEE49}.Encrypt|Any CPU.Build.0 = Release|Any CPU
		{0AF10ACE-64D3-4A87-9C50-662BAEBAEE49}.Encrypt|x64.ActiveCfg = Release|Any CPU
		{0AF10ACE-64D3-4A87-9C50-662BAEBAEE49}.Encrypt|x64.Build.0 = Release|Any CPU
		{0AF10ACE-64D3-4A87-9C50-662BAEBAEE49}.Encrypt|x86.ActiveCfg = Release|Any CPU
		{0AF10ACE-64D3-4A87-9C50-662BAEBAEE49}.Encrypt|x86.Build.0 = Release|Any CPU
		{0AF10ACE-64D3-4A87-9C50-662BAEBAEE49}.Release|Any CPU.ActiveCfg = Release|Any CPU
		{0AF10ACE-64D3-4A87-9C50-662BAEBAEE49}.Release|Any CPU.Build.0 = Release|Any CPU
		{0AF10ACE-64D3-4A87-9C50-662BAEBAEE49}.Release|x64.ActiveCfg = Release|Any CPU
		{0AF10ACE-64D3-4A87-9C50-662BAEBAEE49}.Release|x86.ActiveCfg = Release|Any CPU
		{9C58F571-2273-496A-8A86-52F062211206}.Debug|Any CPU.ActiveCfg = Debug|Any CPU
		{9C58F571-2273-496A-8A86-52F062211206}.Debug|Any CPU.Build.0 = Debug|Any CPU
		{9C58F571-2273-496A-8A86-52F062211206}.Debug|x64.ActiveCfg = Debug|Any CPU
		{9C58F571-2273-496A-8A86-52F062211206}.Debug|x86.ActiveCfg = Debug|Any CPU
		{9C58F571-2273-496A-8A86-52F062211206}.Encrypt|Any CPU.ActiveCfg = Release|Any CPU
		{9C58F571-2273-496A-8A86-52F062211206}.Encrypt|Any CPU.Build.0 = Release|Any CPU
		{9C58F571-2273-496A-8A86-52F062211206}.Encrypt|x64.ActiveCfg = Release|Any CPU
		{9C58F571-2273-496A-8A86-52F062211206}.Encrypt|x64.Build.0 = Release|Any CPU
		{9C58F571-2273-496A-8A86-52F062211206}.Encrypt|x86.ActiveCfg = Release|Any CPU
		{9C58F571-2273-496A-8A86-52F062211206}.Encrypt|x86.Build.0 = Release|Any CPU
		{9C58F571-2273-496A-8A86-52F062211206}.Release|Any CPU.ActiveCfg = Release|Any CPU
		{9C58F571-2273-496A-8A86-52F062211206}.Release|Any CPU.Build.0 = Release|Any CPU
		{9C58F571-2273-496A-8A86-52F062211206}.Release|x64.ActiveCfg = Release|Any CPU
		{9C58F571-2273-496A-8A86-52F062211206}.Release|x86.ActiveCfg = Release|Any CPU
		{B01071D7-31E5-4F8E-B065-3612F83BC4F0}.Debug|Any CPU.ActiveCfg = Debug|Any CPU
		{B01071D7-31E5-4F8E-B065-3612F83BC4F0}.Debug|Any CPU.Build.0 = Debug|Any CPU
		{B01071D7-31E5-4F8E-B065-3612F83BC4F0}.Debug|x64.ActiveCfg = Debug|Any CPU
		{B01071D7-31E5-4F8E-B065-3612F83BC4F0}.Debug|x86.ActiveCfg = Debug|x86
		{B01071D7-31E5-4F8E-B065-3612F83BC4F0}.Debug|x86.Build.0 = Debug|x86
		{B01071D7-31E5-4F8E-B065-3612F83BC4F0}.Encrypt|Any CPU.ActiveCfg = Release|Any CPU
		{B01071D7-31E5-4F8E-B065-3612F83BC4F0}.Encrypt|Any CPU.Build.0 = Release|Any CPU
		{B01071D7-31E5-4F8E-B065-3612F83BC4F0}.Encrypt|x64.ActiveCfg = Release|Any CPU
		{B01071D7-31E5-4F8E-B065-3612F83BC4F0}.Encrypt|x64.Build.0 = Release|Any CPU
		{B01071D7-31E5-4F8E-B065-3612F83BC4F0}.Encrypt|x86.ActiveCfg = Release|x86
		{B01071D7-31E5-4F8E-B065-3612F83BC4F0}.Encrypt|x86.Build.0 = Release|x86
		{B01071D7-31E5-4F8E-B065-3612F83BC4F0}.Release|Any CPU.ActiveCfg = Release|Any CPU
		{B01071D7-31E5-4F8E-B065-3612F83BC4F0}.Release|Any CPU.Build.0 = Release|Any CPU
		{B01071D7-31E5-4F8E-B065-3612F83BC4F0}.Release|x64.ActiveCfg = Release|Any CPU
		{B01071D7-31E5-4F8E-B065-3612F83BC4F0}.Release|x86.ActiveCfg = Release|x86
		{B01071D7-31E5-4F8E-B065-3612F83BC4F0}.Release|x86.Build.0 = Release|x86
		{742693FD-91DC-44FF-92D5-2B037899A76F}.Debug|Any CPU.ActiveCfg = Debug|Any CPU
		{742693FD-91DC-44FF-92D5-2B037899A76F}.Debug|Any CPU.Build.0 = Debug|Any CPU
		{742693FD-91DC-44FF-92D5-2B037899A76F}.Debug|x64.ActiveCfg = Debug|Any CPU
		{742693FD-91DC-44FF-92D5-2B037899A76F}.Debug|x86.ActiveCfg = Debug|Any CPU
		{742693FD-91DC-44FF-92D5-2B037899A76F}.Encrypt|Any CPU.ActiveCfg = Release|Any CPU
		{742693FD-91DC-44FF-92D5-2B037899A76F}.Encrypt|Any CPU.Build.0 = Release|Any CPU
		{742693FD-91DC-44FF-92D5-2B037899A76F}.Encrypt|x64.ActiveCfg = Release|Any CPU
		{742693FD-91DC-44FF-92D5-2B037899A76F}.Encrypt|x64.Build.0 = Release|Any CPU
		{742693FD-91DC-44FF-92D5-2B037899A76F}.Encrypt|x86.ActiveCfg = Release|Any CPU
		{742693FD-91DC-44FF-92D5-2B037899A76F}.Encrypt|x86.Build.0 = Release|Any CPU
		{742693FD-91DC-44FF-92D5-2B037899A76F}.Release|Any CPU.ActiveCfg = Release|Any CPU
		{742693FD-91DC-44FF-92D5-2B037899A76F}.Release|Any CPU.Build.0 = Release|Any CPU
		{742693FD-91DC-44FF-92D5-2B037899A76F}.Release|x64.ActiveCfg = Release|Any CPU
		{742693FD-91DC-44FF-92D5-2B037899A76F}.Release|x86.ActiveCfg = Release|Any CPU
		{CA092584-5921-4256-A591-131BC55FC20A}.Debug|Any CPU.ActiveCfg = Debug|Any CPU
		{CA092584-5921-4256-A591-131BC55FC20A}.Debug|Any CPU.Build.0 = Debug|Any CPU
		{CA092584-5921-4256-A591-131BC55FC20A}.Debug|x64.ActiveCfg = Debug|Any CPU
		{CA092584-5921-4256-A591-131BC55FC20A}.Debug|x64.Build.0 = Debug|Any CPU
		{CA092584-5921-4256-A591-131BC55FC20A}.Debug|x86.ActiveCfg = Debug|Any CPU
		{CA092584-5921-4256-A591-131BC55FC20A}.Debug|x86.Build.0 = Debug|Any CPU
		{CA092584-5921-4256-A591-131BC55FC20A}.Encrypt|Any CPU.ActiveCfg = Release|Any CPU
		{CA092584-5921-4256-A591-131BC55FC20A}.Encrypt|Any CPU.Build.0 = Release|Any CPU
		{CA092584-5921-4256-A591-131BC55FC20A}.Encrypt|x64.ActiveCfg = Release|Any CPU
		{CA092584-5921-4256-A591-131BC55FC20A}.Encrypt|x64.Build.0 = Release|Any CPU
		{CA092584-5921-4256-A591-131BC55FC20A}.Encrypt|x86.ActiveCfg = Release|Any CPU
		{CA092584-5921-4256-A591-131BC55FC20A}.Encrypt|x86.Build.0 = Release|Any CPU
		{CA092584-5921-4256-A591-131BC55FC20A}.Release|Any CPU.ActiveCfg = Release|Any CPU
		{CA092584-5921-4256-A591-131BC55FC20A}.Release|Any CPU.Build.0 = Release|Any CPU
		{CA092584-5921-4256-A591-131BC55FC20A}.Release|x64.ActiveCfg = Release|Any CPU
		{CA092584-5921-4256-A591-131BC55FC20A}.Release|x64.Build.0 = Release|Any CPU
		{CA092584-5921-4256-A591-131BC55FC20A}.Release|x86.ActiveCfg = Release|Any CPU
		{CA092584-5921-4256-A591-131BC55FC20A}.Release|x86.Build.0 = Release|Any CPU
		{2D831CBC-E343-46D5-9E84-0997AD932D0F}.Debug|Any CPU.ActiveCfg = Debug|Any CPU
		{2D831CBC-E343-46D5-9E84-0997AD932D0F}.Debug|Any CPU.Build.0 = Debug|Any CPU
		{2D831CBC-E343-46D5-9E84-0997AD932D0F}.Debug|x64.ActiveCfg = Debug|x64
		{2D831CBC-E343-46D5-9E84-0997AD932D0F}.Debug|x64.Build.0 = Debug|x64
		{2D831CBC-E343-46D5-9E84-0997AD932D0F}.Debug|x86.ActiveCfg = Debug|x86
		{2D831CBC-E343-46D5-9E84-0997AD932D0F}.Debug|x86.Build.0 = Debug|x86
		{2D831CBC-E343-46D5-9E84-0997AD932D0F}.Encrypt|Any CPU.ActiveCfg = Encrypt|Any CPU
		{2D831CBC-E343-46D5-9E84-0997AD932D0F}.Encrypt|Any CPU.Build.0 = Encrypt|Any CPU
		{2D831CBC-E343-46D5-9E84-0997AD932D0F}.Encrypt|x64.ActiveCfg = Encrypt|x64
		{2D831CBC-E343-46D5-9E84-0997AD932D0F}.Encrypt|x64.Build.0 = Encrypt|x64
		{2D831CBC-E343-46D5-9E84-0997AD932D0F}.Encrypt|x86.ActiveCfg = Encrypt|x86
		{2D831CBC-E343-46D5-9E84-0997AD932D0F}.Encrypt|x86.Build.0 = Encrypt|x86
		{2D831CBC-E343-46D5-9E84-0997AD932D0F}.Release|Any CPU.ActiveCfg = Release|Any CPU
		{2D831CBC-E343-46D5-9E84-0997AD932D0F}.Release|Any CPU.Build.0 = Release|Any CPU
		{2D831CBC-E343-46D5-9E84-0997AD932D0F}.Release|x64.ActiveCfg = Release|x64
		{2D831CBC-E343-46D5-9E84-0997AD932D0F}.Release|x64.Build.0 = Release|x64
		{2D831CBC-E343-46D5-9E84-0997AD932D0F}.Release|x86.ActiveCfg = Release|x86
		{2D831CBC-E343-46D5-9E84-0997AD932D0F}.Release|x86.Build.0 = Release|x86
		{580563C0-6862-46E9-B3E6-A5DADDD7B69A}.Debug|Any CPU.ActiveCfg = Debug|Any CPU
		{580563C0-6862-46E9-B3E6-A5DADDD7B69A}.Debug|Any CPU.Build.0 = Debug|Any CPU
		{580563C0-6862-46E9-B3E6-A5DADDD7B69A}.Debug|x64.ActiveCfg = Debug|Any CPU
		{580563C0-6862-46E9-B3E6-A5DADDD7B69A}.Debug|x86.ActiveCfg = Debug|Any CPU
		{580563C0-6862-46E9-B3E6-A5DADDD7B69A}.Encrypt|Any CPU.ActiveCfg = Release|Any CPU
		{580563C0-6862-46E9-B3E6-A5DADDD7B69A}.Encrypt|Any CPU.Build.0 = Release|Any CPU
		{580563C0-6862-46E9-B3E6-A5DADDD7B69A}.Encrypt|x64.ActiveCfg = Release|Any CPU
		{580563C0-6862-46E9-B3E6-A5DADDD7B69A}.Encrypt|x86.ActiveCfg = Release|Any CPU
		{580563C0-6862-46E9-B3E6-A5DADDD7B69A}.Release|Any CPU.ActiveCfg = Release|Any CPU
		{580563C0-6862-46E9-B3E6-A5DADDD7B69A}.Release|Any CPU.Build.0 = Release|Any CPU
		{580563C0-6862-46E9-B3E6-A5DADDD7B69A}.Release|x64.ActiveCfg = Release|Any CPU
		{580563C0-6862-46E9-B3E6-A5DADDD7B69A}.Release|x86.ActiveCfg = Release|Any CPU
	EndGlobalSection
	GlobalSection(SolutionProperties) = preSolution
		HideSolutionNode = FALSE
	EndGlobalSection
	GlobalSection(ExtensibilityGlobals) = postSolution
		SolutionGuid = {FE8B925A-1217-423A-829A-201980EA0E50}
	EndGlobalSection
EndGlobal
